# This file is automatically @generated by Cargo.
# It is not intended for manual editing.
version = 4

[[package]]
name = "daw-engine"
version = "0.1.0"
dependencies = [
 "freeverb",
]

[[package]]
name = "freeverb"
version = "0.2.0"
source = "registry+https://github.com/rust-lang/crates.io-index"
checksum = "fc1a77d60920b1ecd5c168ad25c58a67c6bc432caa9b3292e8ee9b1aaeb7ba30"
